
Microsoft Visual Studio Solution File, Format Version 12.00
# Visual Studio Version 16
VisualStudioVersion = 16.0.31424.327
MinimumVisualStudioVersion = 10.0.40219.1
Project("{FAE04EC0-301F-11D3-BF4B-00C04F79EFBC}") = "EstrelaDaMorteAPI", "EstrelaDaMorteAPI\EstrelaDaMorteAPI.csproj", "{2322494B-A584-44C6-8B00-ED78B55D76DA}"
EndProject
Global
	GlobalSection(SolutionConfigurationPlatforms) = preSolution
		Debug|Any CPU = Debug|Any CPU
		Release|Any CPU = Release|Any CPU
	EndGlobalSection
	GlobalSection(ProjectConfigurationPlatforms) = postSolution
		{2322494B-A584-44C6-8B00-ED78B55D76DA}.Debug|Any CPU.ActiveCfg = Debug|Any CPU
		{2322494B-A584-44C6-8B00-ED78B55D76DA}.Debug|Any CPU.Build.0 = Debug|Any CPU
		{2322494B-A584-44C6-8B00-ED78B55D76DA}.Release|Any CPU.ActiveCfg = Release|Any CPU
		{2322494B-A584-44C6-8B00-ED78B55D76DA}.Release|Any CPU.Build.0 = Release|Any CPU
	EndGlobalSection
	GlobalSection(SolutionProperties) = preSolution
		HideSolutionNode = FALSE
	EndGlobalSection
	GlobalSection(ExtensibilityGlobals) = postSolution
		SolutionGuid = {6EC4BB28-D1F5-47B4-94A6-8A3EE843FD94}
	EndGlobalSection
EndGlobal
